
Microsoft Visual Studio Solution File, Format Version 12.00
# Visual Studio 15
VisualStudioVersion = 15.0.27428.1
MinimumVisualStudioVersion = 10.0.40219.1
Project("{FAE04EC0-301F-11D3-BF4B-00C04F79EFBC}") = "SampleAddin", "SampleAddin\SampleAddin.csproj", "{A668630A-770E-401C-A9CA-9565BC3A5252}"
EndProject
Global
	GlobalSection(SolutionConfigurationPlatforms) = preSolution
		Debug|Any CPU = Debug|Any CPU
		Release|Any CPU = Release|Any CPU
	EndGlobalSection
	GlobalSection(ProjectConfigurationPlatforms) = postSolution
		{A668630A-770E-401C-A9CA-9565BC3A5252}.Debug|Any CPU.ActiveCfg = Debug|Any CPU
		{A668630A-770E-401C-A9CA-9565BC3A5252}.Debug|Any CPU.Build.0 = Debug|Any CPU
		{A668630A-770E-401C-A9CA-9565BC3A5252}.Release|Any CPU.ActiveCfg = Release|Any CPU
		{A668630A-770E-401C-A9CA-9565BC3A5252}.Release|Any CPU.Build.0 = Release|Any CPU
	EndGlobalSection
	GlobalSection(SolutionProperties) = preSolution
		HideSolutionNode = FALSE
	EndGlobalSection
	GlobalSection(ExtensibilityGlobals) = postSolution
		SolutionGuid = {82D5E915-7B34-4930-90E7-2DC7D8DB2634}
	EndGlobalSection
EndGlobal
